<?xml version="1.0" encoding="utf-8"?>
<Project ToolsVersion="4.0" xmlns="http://schemas.microsoft.com/developer/msbuild/2003">
  <ItemGroup>
    <Filter Include="Source Files">
      <UniqueIdentifier>{4FC737F1-C7A5-4376-A066-2A32D752A2FF}</UniqueIdentifier>
      <Extensions>cpp;c;cc;cxx;c++;cppm;ixx;def;odl;idl;hpj;bat;asm;asmx</Extensions>
    </Filter>
    <Filter Include="Header Files">
      <UniqueIdentifier>{93995380-89BD-4b04-88EB-625FBE52EBFB}</UniqueIdentifier>
      <Extensions>h;hh;hpp;hxx;h++;hm;inl;inc;ipp;xsd</Extensions>
    </Filter>
    <Filter Include="Resource Files">
      <UniqueIdentifier>{67DA6AB6-F800-4c08-8B7A-83BB121AAD01}</UniqueIdentifier>
      <Extensions>rc;ico;cur;bmp;dlg;rc2;rct;bin;rgs;gif;jpg;jpeg;jpe;resx;tiff;tif;png;wav;mfcribbon-ms</Extensions>
    </Filter>
    <Filter Include="ShaderManager">
      <UniqueIdentifier>{57543cd7-b875-42db-ab29-abca2610c9b3}</UniqueIdentifier>
    </Filter>
    <Filter Include="Camera">
      <UniqueIdentifier>{0ef2210b-5906-4de7-90f3-f90067d1282d}</UniqueIdentifier>
    </Filter>
    <Filter Include="Engine">
      <UniqueIdentifier>{31a7b921-5e1a-4e02-b2e8-87c50e8b8c05}</UniqueIdentifier>
    </Filter>
    <Filter Include="Engine\Systems">
      <UniqueIdentifier>{cfc1feb3-aafb-4d9f-8d10-47a3e6ed30a2}</UniqueIdentifier>
    </Filter>
    <Filter Include="Engine\Managers">
      <UniqueIdentifier>{37612fde-e9b1-493f-a0b9-1763a7bf0a63}</UniqueIdentifier>
    </Filter>
    <Filter Include="Engine\Components">
      <UniqueIdentifier>{d8f5c536-34d7-454a-90cf-2b035fa95f2e}</UniqueIdentifier>
    </Filter>
    <Filter Include="Game">
      <UniqueIdentifier>{fc1d6a40-c815-426c-af71-9b769fbe45a2}</UniqueIdentifier>
    </Filter>
  </ItemGroup>
  <ItemGroup>
    <ClCompile Include="main.cpp">
      <Filter>Source Files</Filter>
    </ClCompile>
    <ClCompile Include="glad.c">
      <Filter>Source Files</Filter>
    </ClCompile>
    <ClCompile Include="fCallBackFunctions.cpp">
      <Filter>Source Files</Filter>
    </ClCompile>
    <ClCompile Include="ShaderManager\cShader.cpp">
      <Filter>ShaderManager</Filter>
    </ClCompile>
    <ClCompile Include="cMeshManager.cpp">
      <Filter>Engine\Managers</Filter>
    </ClCompile>
    <ClCompile Include="cEntityManager.cpp">
      <Filter>Engine\Managers</Filter>
    </ClCompile>
    <ClCompile Include="cEntity.cpp">
      <Filter>Engine\Managers</Filter>
    </ClCompile>
    <ClCompile Include="cRenderSystem.cpp">
      <Filter>Engine\Systems</Filter>
    </ClCompile>
    <ClCompile Include="cGameEngine.cpp">
      <Filter>Engine</Filter>
    </ClCompile>
    <ClCompile Include="cCameraManager.cpp">
      <Filter>Engine\Managers</Filter>
    </ClCompile>
    <ClCompile Include="cCameraSystem.cpp">
      <Filter>Engine\Systems</Filter>
    </ClCompile>
    <ClCompile Include="cShaderManager.cpp">
      <Filter>Engine\Managers</Filter>
    </ClCompile>
    <ClCompile Include="cUIEntity.cpp">
      <Filter>Engine\Managers</Filter>
    </ClCompile>
    <ClCompile Include="cUISystem.cpp">
      <Filter>Engine\Systems</Filter>
    </ClCompile>
    <ClCompile Include="cParticleGenerator.cpp">
      <Filter>Engine\Components</Filter>
    </ClCompile>
    <ClCompile Include="cParticleSystem.cpp">
      <Filter>Engine\Systems</Filter>
    </ClCompile>
    <ClCompile Include="cTextureManager.cpp">
      <Filter>Engine\Managers</Filter>
    </ClCompile>
    <ClCompile Include="cGame.cpp">
      <Filter>Game</Filter>
    </ClCompile>
    <ClCompile Include="cPhysicsManager.cpp">
      <Filter>Engine\Managers</Filter>
    </ClCompile>
  </ItemGroup>
  <ItemGroup>
    <ClInclude Include="callBackFunctions.h">
      <Filter>Source Files</Filter>
    </ClInclude>
    <ClInclude Include="ShaderManager\cShader.h">
      <Filter>ShaderManager</Filter>
    </ClInclude>
    <ClInclude Include="stb_image.h">
      <Filter>Header Files</Filter>
    </ClInclude>
    <ClInclude Include="cCamera.h">
      <Filter>Camera</Filter>
    </ClInclude>
    <ClInclude Include="cSystem.h">
      <Filter>Engine\Systems</Filter>
    </ClInclude>
    <ClInclude Include="cEntity.h">
      <Filter>Engine\Managers</Filter>
    </ClInclude>
    <ClInclude Include="cMeshManager.h">
      <Filter>Engine\Managers</Filter>
    </ClInclude>
    <ClInclude Include="sMeshData.h">
      <Filter>Engine</Filter>
    </ClInclude>
    <ClInclude Include="cGameEngine.h">
      <Filter>Engine</Filter>
    </ClInclude>
    <ClInclude Include="GLCommon.h">
      <Filter>Header Files</Filter>
    </ClInclude>
    <ClInclude Include="sVertexData.h">
      <Filter>Engine</Filter>
    </ClInclude>
    <ClInclude Include="cEntityManager.h">
      <Filter>Engine\Managers</Filter>
    </ClInclude>
    <ClInclude Include="cComponent.h">
      <Filter>Engine\Components</Filter>
    </ClInclude>
    <ClInclude Include="cMeshRenderer.h">
      <Filter>Engine\Components</Filter>
    </ClInclude>
    <ClInclude Include="cRenderSystem.h">
      <Filter>Engine\Systems</Filter>
    </ClInclude>
    <ClInclude Include="cCameraManager.h">
      <Filter>Engine\Managers</Filter>
    </ClInclude>
    <ClInclude Include="cCameraComp.h">
      <Filter>Engine\Components</Filter>
    </ClInclude>
    <ClInclude Include="cCameraSystem.h">
      <Filter>Engine\Systems</Filter>
    </ClInclude>
    <ClInclude Include="cShaderManager.h">
      <Filter>Engine\Managers</Filter>
    </ClInclude>
    <ClInclude Include="cPosition.h">
      <Filter>Engine\Components</Filter>
    </ClInclude>
    <ClInclude Include="cRotation.h">
      <Filter>Engine\Components</Filter>
    </ClInclude>
    <ClInclude Include="cScale.h">
      <Filter>Engine\Components</Filter>
    </ClInclude>
    <ClInclude Include="cUIEntity.h">
      <Filter>Engine\Managers</Filter>
    </ClInclude>
    <ClInclude Include="cUISystem.h">
      <Filter>Engine\Systems</Filter>
    </ClInclude>
    <ClInclude Include="cParticleGenerator.h">
      <Filter>Engine\Components</Filter>
    </ClInclude>
    <ClInclude Include="cParticleGeneratorManager.h">
      <Filter>Engine\Managers</Filter>
    </ClInclude>
    <ClInclude Include="cParticleSystem.h">
      <Filter>Engine\Systems</Filter>
    </ClInclude>
    <ClInclude Include="cTextureManager.h">
      <Filter>Engine\Managers</Filter>
    </ClInclude>
    <ClInclude Include="cPhysicsManager.h">
      <Filter>Engine\Managers</Filter>
    </ClInclude>
    <ClInclude Include="cGame.h">
      <Filter>Game</Filter>
    </ClInclude>
    <ClInclude Include="cBulletDebugRenderer.h">
      <Filter>Engine\Managers</Filter>
    </ClInclude>
    <ClInclude Include="cPhysics.h">
      <Filter>Engine\Components</Filter>
    </ClInclude>
  </ItemGroup>
</Project>